
Microsoft Visual Studio Solution File, Format Version 12.00
# Visual Studio 14
VisualStudioVersion = 14.0.23107.0
MinimumVisualStudioVersion = 10.0.40219.1
Project("{FAE04EC0-301F-11D3-BF4B-00C04F79EFBC}") = "HelloMessage", "HelloMessage\HelloMessage.csproj", "{64D47AC4-8196-4971-8A0B-21FF2805D60D}"
EndProject
Project("{FAE04EC0-301F-11D3-BF4B-00C04F79EFBC}") = "TestHelloMessage", "TestHelloMessage\TestHelloMessage.csproj", "{D396BE7F-BC16-43F7-8191-3723BB5712B3}"
EndProject
Global
	GlobalSection(SolutionConfigurationPlatforms) = preSolution
		Debug|Any CPU = Debug|Any CPU
		Release|Any CPU = Release|Any CPU
	EndGlobalSection
	GlobalSection(ProjectConfigurationPlatforms) = postSolution
		{64D47AC4-8196-4971-8A0B-21FF2805D60D}.Debug|Any CPU.ActiveCfg = Debug|Any CPU
		{64D47AC4-8196-4971-8A0B-21FF2805D60D}.Debug|Any CPU.Build.0 = Debug|Any CPU
		{64D47AC4-8196-4971-8A0B-21FF2805D60D}.Release|Any CPU.ActiveCfg = Release|Any CPU
		{64D47AC4-8196-4971-8A0B-21FF2805D60D}.Release|Any CPU.Build.0 = Release|Any CPU
		{D396BE7F-BC16-43F7-8191-3723BB5712B3}.Debug|Any CPU.ActiveCfg = Debug|Any CPU
		{D396BE7F-BC16-43F7-8191-3723BB5712B3}.Debug|Any CPU.Build.0 = Debug|Any CPU
		{D396BE7F-BC16-43F7-8191-3723BB5712B3}.Release|Any CPU.ActiveCfg = Release|Any CPU
		{D396BE7F-BC16-43F7-8191-3723BB5712B3}.Release|Any CPU.Build.0 = Release|Any CPU
	EndGlobalSection
	GlobalSection(SolutionProperties) = preSolution
		HideSolutionNode = FALSE
	EndGlobalSection
EndGlobal
